
Microsoft Visual Studio Solution File, Format Version 12.00
# Visual Studio Version 17
VisualStudioVersion = 17.9.34723.18
MinimumVisualStudioVersion = 10.0.40219.1
Project("{FAE04EC0-301F-11D3-BF4B-00C04F79EFBC}") = "Prueba1", "Prueba1\Prueba1.csproj", "{949A587A-211F-4A25-BF4D-4F6D42ABCA96}"
EndProject
Global
	GlobalSection(SolutionConfigurationPlatforms) = preSolution
		Debug|Any CPU = Debug|Any CPU
		Release|Any CPU = Release|Any CPU
	EndGlobalSection
	GlobalSection(ProjectConfigurationPlatforms) = postSolution
		{949A587A-211F-4A25-BF4D-4F6D42ABCA96}.Debug|Any CPU.ActiveCfg = Debug|Any CPU
		{949A587A-211F-4A25-BF4D-4F6D42ABCA96}.Debug|Any CPU.Build.0 = Debug|Any CPU
		{949A587A-211F-4A25-BF4D-4F6D42ABCA96}.Release|Any CPU.ActiveCfg = Release|Any CPU
		{949A587A-211F-4A25-BF4D-4F6D42ABCA96}.Release|Any CPU.Build.0 = Release|Any CPU
	EndGlobalSection
	GlobalSection(SolutionProperties) = preSolution
		HideSolutionNode = FALSE
	EndGlobalSection
	GlobalSection(ExtensibilityGlobals) = postSolution
		SolutionGuid = {6F554405-30DE-444D-BBC2-3C36BCCE5521}
	EndGlobalSection
EndGlobal
